// !$*UTF8*$!
{
	archiveVersion = 1;
	classes = {
	};
	objectVersion = 46;
	objects = {

/* Begin PBXBuildFile section */
		AA03D4F01E4E57D9003BB9F6 /* AppDelegate.swift in Sources */ = {isa = PBXBuildFile; fileRef = AA03D4EF1E4E57D9003BB9F6 /* AppDelegate.swift */; };
		AA03D4F61E4E57D9003BB9F6 /* GameScene.swift in Sources */ = {isa = PBXBuildFile; fileRef = AA03D4F51E4E57D9003BB9F6 /* GameScene.swift */; };
		AA03D4F81E4E57D9003BB9F6 /* ViewController.swift in Sources */ = {isa = PBXBuildFile; fileRef = AA03D4F71E4E57D9003BB9F6 /* ViewController.swift */; };
		AA03D4FA1E4E57D9003BB9F6 /* Assets.xcassets in Resources */ = {isa = PBXBuildFile; fileRef = AA03D4F91E4E57D9003BB9F6 /* Assets.xcassets */; };
		AA03D4FD1E4E57D9003BB9F6 /* Main.storyboard in Resources */ = {isa = PBXBuildFile; fileRef = AA03D4FB1E4E57D9003BB9F6 /* Main.storyboard */; };
		AA03D5051E4E6AD3003BB9F6 /* .gitignore in Resources */ = {isa = PBXBuildFile; fileRef = AA03D5041E4E6AD3003BB9F6 /* .gitignore */; };
		AA30BD981E500BE10041143A /* SpriteSheet.swift in Sources */ = {isa = PBXBuildFile; fileRef = AA30BD971E500BE10041143A /* SpriteSheet.swift */; };
		AA44EDF01E5E8A1C0086619A /* Art.swift in Sources */ = {isa = PBXBuildFile; fileRef = AA44EDEF1E5E8A1C0086619A /* Art.swift */; };
		AA5022B61E5A48130038D877 /* Entity.swift in Sources */ = {isa = PBXBuildFile; fileRef = AA5022B51E5A48130038D877 /* Entity.swift */; };
		AA532BFF1E5F5B7B00AA8C9A /* AnimationSet.swift in Sources */ = {isa = PBXBuildFile; fileRef = AA532BFE1E5F5B7B00AA8C9A /* AnimationSet.swift */; };
		AA590E9B1E511046004711FC /* Player.swift in Sources */ = {isa = PBXBuildFile; fileRef = AA590E9A1E511046004711FC /* Player.swift */; };
		AA70E9161E5BA31D0097A6DE /* Constants.swift in Sources */ = {isa = PBXBuildFile; fileRef = AA70E9151E5BA31D0097A6DE /* Constants.swift */; };
		AAB61D141E5CFAA5000E38E4 /* Mob.swift in Sources */ = {isa = PBXBuildFile; fileRef = AAB61D131E5CFAA5000E38E4 /* Mob.swift */; };
/* End PBXBuildFile section */

/* Begin PBXFileReference section */
		AA03D4EC1E4E57D9003BB9F6 /* Ariadne.app */ = {isa = PBXFileReference; explicitFileType = wrapper.application; includeInIndex = 0; path = Ariadne.app; sourceTree = BUILT_PRODUCTS_DIR; };
		AA03D4EF1E4E57D9003BB9F6 /* AppDelegate.swift */ = {isa = PBXFileReference; lastKnownFileType = sourcecode.swift; path = AppDelegate.swift; sourceTree = "<group>"; };
		AA03D4F51E4E57D9003BB9F6 /* GameScene.swift */ = {isa = PBXFileReference; lastKnownFileType = sourcecode.swift; path = GameScene.swift; sourceTree = "<group>"; };
		AA03D4F71E4E57D9003BB9F6 /* ViewController.swift */ = {isa = PBXFileReference; lastKnownFileType = sourcecode.swift; path = ViewController.swift; sourceTree = "<group>"; };
		AA03D4F91E4E57D9003BB9F6 /* Assets.xcassets */ = {isa = PBXFileReference; lastKnownFileType = folder.assetcatalog; path = Assets.xcassets; sourceTree = "<group>"; };
		AA03D4FC1E4E57D9003BB9F6 /* Base */ = {isa = PBXFileReference; lastKnownFileType = file.storyboard; name = Base; path = Base.lproj/Main.storyboard; sourceTree = "<group>"; };
		AA03D4FE1E4E57D9003BB9F6 /* Info.plist */ = {isa = PBXFileReference; lastKnownFileType = text.plist.xml; path = Info.plist; sourceTree = "<group>"; };
		AA03D5041E4E6AD3003BB9F6 /* .gitignore */ = {isa = PBXFileReference; fileEncoding = 4; lastKnownFileType = text; path = .gitignore; sourceTree = "<group>"; };
		AA03D5061E4E6DB0003BB9F6 /* README.md */ = {isa = PBXFileReference; fileEncoding = 4; lastKnownFileType = net.daringfireball.markdown; path = README.md; sourceTree = "<group>"; };
		AA30BD971E500BE10041143A /* SpriteSheet.swift */ = {isa = PBXFileReference; fileEncoding = 4; lastKnownFileType = sourcecode.swift; path = SpriteSheet.swift; sourceTree = "<group>"; };
		AA44EDEF1E5E8A1C0086619A /* Art.swift */ = {isa = PBXFileReference; fileEncoding = 4; lastKnownFileType = sourcecode.swift; path = Art.swift; sourceTree = "<group>"; };
		AA5022B51E5A48130038D877 /* Entity.swift */ = {isa = PBXFileReference; fileEncoding = 4; lastKnownFileType = sourcecode.swift; path = Entity.swift; sourceTree = "<group>"; };
		AA5022B71E5A6DB00038D877 /* LICENSE.txt */ = {isa = PBXFileReference; lastKnownFileType = text; path = LICENSE.txt; sourceTree = "<group>"; };
		AA532BFE1E5F5B7B00AA8C9A /* AnimationSet.swift */ = {isa = PBXFileReference; fileEncoding = 4; lastKnownFileType = sourcecode.swift; path = AnimationSet.swift; sourceTree = "<group>"; };
		AA590E9A1E511046004711FC /* Player.swift */ = {isa = PBXFileReference; fileEncoding = 4; lastKnownFileType = sourcecode.swift; path = Player.swift; sourceTree = "<group>"; };
		AA70E9151E5BA31D0097A6DE /* Constants.swift */ = {isa = PBXFileReference; fileEncoding = 4; lastKnownFileType = sourcecode.swift; path = Constants.swift; sourceTree = "<group>"; };
		AAB61D131E5CFAA5000E38E4 /* Mob.swift */ = {isa = PBXFileReference; fileEncoding = 4; lastKnownFileType = sourcecode.swift; path = Mob.swift; sourceTree = "<group>"; };
/* End PBXFileReference section */

/* Begin PBXFrameworksBuildPhase section */
		AA03D4E91E4E57D9003BB9F6 /* Frameworks */ = {
			isa = PBXFrameworksBuildPhase;
			buildActionMask = 2147483647;
			files = (
			);
			runOnlyForDeploymentPostprocessing = 0;
		};
/* End PBXFrameworksBuildPhase section */

/* Begin PBXGroup section */
		AA03D4E31E4E57D9003BB9F6 = {
			isa = PBXGroup;
			children = (
				AA03D5061E4E6DB0003BB9F6 /* README.md */,
				AA5022B71E5A6DB00038D877 /* LICENSE.txt */,
				AA03D5041E4E6AD3003BB9F6 /* .gitignore */,
				AA03D4EE1E4E57D9003BB9F6 /* Ariadne */,
				AA03D4ED1E4E57D9003BB9F6 /* Products */,
			);
			sourceTree = "<group>";
		};
		AA03D4ED1E4E57D9003BB9F6 /* Products */ = {
			isa = PBXGroup;
			children = (
				AA03D4EC1E4E57D9003BB9F6 /* Ariadne.app */,
			);
			name = Products;
			sourceTree = "<group>";
		};
		AA03D4EE1E4E57D9003BB9F6 /* Ariadne */ = {
			isa = PBXGroup;
			children = (
				AA03D4EF1E4E57D9003BB9F6 /* AppDelegate.swift */,
				AA70E9141E5BA2C90097A6DE /* gfx */,
				AA70E9121E5BA28D0097A6DE /* controllers */,
				AA70E9111E5BA27A0097A6DE /* scenes */,
				AA811E4E1E50F96200E462D5 /* entities */,
				AA70E9131E5BA2970097A6DE /* support */,
			);
			path = Ariadne;
			sourceTree = "<group>";
		};
		AA70E9111E5BA27A0097A6DE /* scenes */ = {
			isa = PBXGroup;
			children = (
				AA03D4F51E4E57D9003BB9F6 /* GameScene.swift */,
			);
			name = scenes;
			sourceTree = "<group>";
		};
		AA70E9121E5BA28D0097A6DE /* controllers */ = {
			isa = PBXGroup;
			children = (
				AA03D4F71E4E57D9003BB9F6 /* ViewController.swift */,
			);
			name = controllers;
			sourceTree = "<group>";
		};
		AA70E9131E5BA2970097A6DE /* support */ = {
			isa = PBXGroup;
			children = (
				AA70E9151E5BA31D0097A6DE /* Constants.swift */,
				AA03D4FB1E4E57D9003BB9F6 /* Main.storyboard */,
				AA03D4FE1E4E57D9003BB9F6 /* Info.plist */,
				AA03D4F91E4E57D9003BB9F6 /* Assets.xcassets */,
			);
			name = support;
			sourceTree = "<group>";
		};
		AA70E9141E5BA2C90097A6DE /* gfx */ = {
			isa = PBXGroup;
			children = (
				AA44EDEF1E5E8A1C0086619A /* Art.swift */,
				AA30BD971E500BE10041143A /* SpriteSheet.swift */,
				AA532BFE1E5F5B7B00AA8C9A /* AnimationSet.swift */,
			);
			name = gfx;
			sourceTree = "<group>";
		};
		AA811E4E1E50F96200E462D5 /* entities */ = {
			isa = PBXGroup;
			children = (
				AA590E9A1E511046004711FC /* Player.swift */,
				AA5022B51E5A48130038D877 /* Entity.swift */,
				AAB61D131E5CFAA5000E38E4 /* Mob.swift */,
			);
			name = entities;
			sourceTree = "<group>";
		};
/* End PBXGroup section */

/* Begin PBXNativeTarget section */
		AA03D4EB1E4E57D9003BB9F6 /* Ariadne */ = {
			isa = PBXNativeTarget;
			buildConfigurationList = AA03D5011E4E57D9003BB9F6 /* Build configuration list for PBXNativeTarget "Ariadne" */;
			buildPhases = (
				AA03D4E81E4E57D9003BB9F6 /* Sources */,
				AA03D4E91E4E57D9003BB9F6 /* Frameworks */,
				AA03D4EA1E4E57D9003BB9F6 /* Resources */,
			);
			buildRules = (
			);
			dependencies = (
			);
			name = Ariadne;
			productName = Ariadne;
			productReference = AA03D4EC1E4E57D9003BB9F6 /* Ariadne.app */;
			productType = "com.apple.product-type.application";
		};
/* End PBXNativeTarget section */

/* Begin PBXProject section */
		AA03D4E41E4E57D9003BB9F6 /* Project object */ = {
			isa = PBXProject;
			attributes = {
				LastSwiftUpdateCheck = 0820;
				LastUpgradeCheck = 0820;
				ORGANIZATIONNAME = Fennheim;
				TargetAttributes = {
					AA03D4EB1E4E57D9003BB9F6 = {
						CreatedOnToolsVersion = 8.2.1;
						DevelopmentTeam = YN3H99VRQV;
						ProvisioningStyle = Automatic;
					};
				};
			};
			buildConfigurationList = AA03D4E71E4E57D9003BB9F6 /* Build configuration list for PBXProject "Ariadne" */;
			compatibilityVersion = "Xcode 3.2";
			developmentRegion = English;
			hasScannedForEncodings = 0;
			knownRegions = (
				en,
				Base,
			);
			mainGroup = AA03D4E31E4E57D9003BB9F6;
			productRefGroup = AA03D4ED1E4E57D9003BB9F6 /* Products */;
			projectDirPath = "";
			projectRoot = "";
			targets = (
				AA03D4EB1E4E57D9003BB9F6 /* Ariadne */,
			);
		};
/* End PBXProject section */

/* Begin PBXResourcesBuildPhase section */
		AA03D4EA1E4E57D9003BB9F6 /* Resources */ = {
			isa = PBXResourcesBuildPhase;
			buildActionMask = 2147483647;
			files = (
				AA03D5051E4E6AD3003BB9F6 /* .gitignore in Resources */,
				AA03D4FA1E4E57D9003BB9F6 /* Assets.xcassets in Resources */,
				AA03D4FD1E4E57D9003BB9F6 /* Main.storyboard in Resources */,
			);
			runOnlyForDeploymentPostprocessing = 0;
		};
/* End PBXResourcesBuildPhase section */

/* Begin PBXSourcesBuildPhase section */
		AA03D4E81E4E57D9003BB9F6 /* Sources */ = {
			isa = PBXSourcesBuildPhase;
			buildActionMask = 2147483647;
			files = (
				AA30BD981E500BE10041143A /* SpriteSheet.swift in Sources */,
				AA03D4F81E4E57D9003BB9F6 /* ViewController.swift in Sources */,
				AA44EDF01E5E8A1C0086619A /* Art.swift in Sources */,
				AAB61D141E5CFAA5000E38E4 /* Mob.swift in Sources */,
				AA5022B61E5A48130038D877 /* Entity.swift in Sources */,
				AA03D4F61E4E57D9003BB9F6 /* GameScene.swift in Sources */,
				AA70E9161E5BA31D0097A6DE /* Constants.swift in Sources */,
				AA590E9B1E511046004711FC /* Player.swift in Sources */,
				AA532BFF1E5F5B7B00AA8C9A /* AnimationSet.swift in Sources */,
				AA03D4F01E4E57D9003BB9F6 /* AppDelegate.swift in Sources */,
			);
			runOnlyForDeploymentPostprocessing = 0;
		};
/* End PBXSourcesBuildPhase section */

/* Begin PBXVariantGroup section */
		AA03D4FB1E4E57D9003BB9F6 /* Main.storyboard */ = {
			isa = PBXVariantGroup;
			children = (
				AA03D4FC1E4E57D9003BB9F6 /* Base */,
			);
			name = Main.storyboard;
			sourceTree = "<group>";
		};
/* End PBXVariantGroup section */

/* Begin XCBuildConfiguration section */
		AA03D4FF1E4E57D9003BB9F6 /* Debug */ = {
			isa = XCBuildConfiguration;
			buildSettings = {
				ALWAYS_SEARCH_USER_PATHS = NO;
				CLANG_ANALYZER_NONNULL = YES;
				CLANG_CXX_LANGUAGE_STANDARD = "gnu++0x";
				CLANG_CXX_LIBRARY = "libc++";
				CLANG_ENABLE_MODULES = YES;
				CLANG_ENABLE_OBJC_ARC = YES;
				CLANG_WARN_BOOL_CONVERSION = YES;
				CLANG_WARN_CONSTANT_CONVERSION = YES;
				CLANG_WARN_DIRECT_OBJC_ISA_USAGE = YES_ERROR;
				CLANG_WARN_DOCUMENTATION_COMMENTS = YES;
				CLANG_WARN_EMPTY_BODY = YES;
				CLANG_WARN_ENUM_CONVERSION = YES;
				CLANG_WARN_INFINITE_RECURSION = YES;
				CLANG_WARN_INT_CONVERSION = YES;
				CLANG_WARN_OBJC_ROOT_CLASS = YES_ERROR;
				CLANG_WARN_SUSPICIOUS_MOVE = YES;
				CLANG_WARN_UNREACHABLE_CODE = YES;
				CLANG_WARN__DUPLICATE_METHOD_MATCH = YES;
				CODE_SIGN_IDENTITY = "-";
				COPY_PHASE_STRIP = NO;
				DEBUG_INFORMATION_FORMAT = dwarf;
				ENABLE_STRICT_OBJC_MSGSEND = YES;
				ENABLE_TESTABILITY = YES;
				GCC_C_LANGUAGE_STANDARD = gnu99;
				GCC_DYNAMIC_NO_PIC = NO;
				GCC_NO_COMMON_BLOCKS = YES;
				GCC_OPTIMIZATION_LEVEL = 0;
				GCC_PREPROCESSOR_DEFINITIONS = (
					"DEBUG=1",
					"$(inherited)",
				);
				GCC_WARN_64_TO_32_BIT_CONVERSION = YES;
				GCC_WARN_ABOUT_RETURN_TYPE = YES_ERROR;
				GCC_WARN_UNDECLARED_SELECTOR = YES;
				GCC_WARN_UNINITIALIZED_AUTOS = YES_AGGRESSIVE;
				GCC_WARN_UNUSED_FUNCTION = YES;
				GCC_WARN_UNUSED_VARIABLE = YES;
				MACOSX_DEPLOYMENT_TARGET = 10.12;
				MTL_ENABLE_DEBUG_INFO = YES;
				ONLY_ACTIVE_ARCH = YES;
				SDKROOT = macosx;
				SWIFT_ACTIVE_COMPILATION_CONDITIONS = DEBUG;
				SWIFT_OPTIMIZATION_LEVEL = "-Onone";
			};
			name = Debug;
		};
		AA03D5001E4E57D9003BB9F6 /* Release */ = {
			isa = XCBuildConfiguration;
			buildSettings = {
				ALWAYS_SEARCH_USER_PATHS = NO;
				CLANG_ANALYZER_NONNULL = YES;
				CLANG_CXX_LANGUAGE_STANDARD = "gnu++0x";
				CLANG_CXX_LIBRARY = "libc++";
				CLANG_ENABLE_MODULES = YES;
				CLANG_ENABLE_OBJC_ARC = YES;
				CLANG_WARN_BOOL_CONVERSION = YES;
				CLANG_WARN_CONSTANT_CONVERSION = YES;
				CLANG_WARN_DIRECT_OBJC_ISA_USAGE = YES_ERROR;
				CLANG_WARN_DOCUMENTATION_COMMENTS = YES;
				CLANG_WARN_EMPTY_BODY = YES;
				CLANG_WARN_ENUM_CONVERSION = YES;
				CLANG_WARN_INFINITE_RECURSION = YES;
				CLANG_WARN_INT_CONVERSION = YES;
				CLANG_WARN_OBJC_ROOT_CLASS = YES_ERROR;
				CLANG_WARN_SUSPICIOUS_MOVE = YES;
				CLANG_WARN_UNREACHABLE_CODE = YES;
				CLANG_WARN__DUPLICATE_METHOD_MATCH = YES;
				CODE_SIGN_IDENTITY = "-";
				COPY_PHASE_STRIP = NO;
				DEBUG_INFORMATION_FORMAT = "dwarf-with-dsym";
				ENABLE_NS_ASSERTIONS = NO;
				ENABLE_STRICT_OBJC_MSGSEND = YES;
				GCC_C_LANGUAGE_STANDARD = gnu99;
				GCC_NO_COMMON_BLOCKS = YES;
				GCC_WARN_64_TO_32_BIT_CONVERSION = YES;
				GCC_WARN_ABOUT_RETURN_TYPE = YES_ERROR;
				GCC_WARN_UNDECLARED_SELECTOR = YES;
				GCC_WARN_UNINITIALIZED_AUTOS = YES_AGGRESSIVE;
				GCC_WARN_UNUSED_FUNCTION = YES;
				GCC_WARN_UNUSED_VARIABLE = YES;
				MACOSX_DEPLOYMENT_TARGET = 10.12;
				MTL_ENABLE_DEBUG_INFO = NO;
				SDKROOT = macosx;
				SWIFT_OPTIMIZATION_LEVEL = "-Owholemodule";
			};
			name = Release;
		};
		AA03D5021E4E57D9003BB9F6 /* Debug */ = {
			isa = XCBuildConfiguration;
			buildSettings = {
				ASSETCATALOG_COMPILER_APPICON_NAME = AppIcon;
				CODE_SIGN_IDENTITY = "Mac Developer";
				COMBINE_HIDPI_IMAGES = YES;
				DEVELOPMENT_TEAM = YN3H99VRQV;
				INFOPLIST_FILE = Ariadne/Info.plist;
				LD_RUNPATH_SEARCH_PATHS = "$(inherited) @executable_path/../Frameworks";
				PRODUCT_BUNDLE_IDENTIFIER = de.fennheim.Ariadne;
				PRODUCT_NAME = "$(TARGET_NAME)";
				SWIFT_VERSION = 3.0;
			};
			name = Debug;
		};
		AA03D5031E4E57D9003BB9F6 /* Release */ = {
			isa = XCBuildConfiguration;
			buildSettings = {
				ASSETCATALOG_COMPILER_APPICON_NAME = AppIcon;
				CODE_SIGN_IDENTITY = "Mac Developer";
				COMBINE_HIDPI_IMAGES = YES;
				DEVELOPMENT_TEAM = YN3H99VRQV;
				INFOPLIST_FILE = Ariadne/Info.plist;
				LD_RUNPATH_SEARCH_PATHS = "$(inherited) @executable_path/../Frameworks";
				PRODUCT_BUNDLE_IDENTIFIER = de.fennheim.Ariadne;
				PRODUCT_NAME = "$(TARGET_NAME)";
				SWIFT_VERSION = 3.0;
			};
			name = Release;
		};
/* End XCBuildConfiguration section */

/* Begin XCConfigurationList section */
		AA03D4E71E4E57D9003BB9F6 /* Build configuration list for PBXProject "Ariadne" */ = {
			isa = XCConfigurationList;
			buildConfigurations = (
				AA03D4FF1E4E57D9003BB9F6 /* Debug */,
				AA03D5001E4E57D9003BB9F6 /* Release */,
			);
			defaultConfigurationIsVisible = 0;
			defaultConfigurationName = Release;
		};
		AA03D5011E4E57D9003BB9F6 /* Build configuration list for PBXNativeTarget "Ariadne" */ = {
			isa = XCConfigurationList;
			buildConfigurations = (
				AA03D5021E4E57D9003BB9F6 /* Debug */,
				AA03D5031E4E57D9003BB9F6 /* Release */,
			);
			defaultConfigurationIsVisible = 0;
			defaultConfigurationName = Release;
		};
/* End XCConfigurationList section */
	};
	rootObject = AA03D4E41E4E57D9003BB9F6 /* Project object */;
}
